
Microsoft Visual Studio Solution File, Format Version 12.00
Project("{FAE04EC0-301F-11D3-BF4B-00C04F79EFBC}") = "Lab7_un", "Lab7_un\Lab7_un.csproj", "{2071D2BE-9408-443E-AAC5-D3AEF08CB57A}"
EndProject
Global
	GlobalSection(SolutionConfigurationPlatforms) = preSolution
		Debug|Any CPU = Debug|Any CPU
		Release|Any CPU = Release|Any CPU
	EndGlobalSection
	GlobalSection(ProjectConfigurationPlatforms) = postSolution
		{2071D2BE-9408-443E-AAC5-D3AEF08CB57A}.Debug|Any CPU.ActiveCfg = Debug|Any CPU
		{2071D2BE-9408-443E-AAC5-D3AEF08CB57A}.Debug|Any CPU.Build.0 = Debug|Any CPU
		{2071D2BE-9408-443E-AAC5-D3AEF08CB57A}.Release|Any CPU.ActiveCfg = Release|Any CPU
		{2071D2BE-9408-443E-AAC5-D3AEF08CB57A}.Release|Any CPU.Build.0 = Release|Any CPU
	EndGlobalSection
EndGlobal
