
Microsoft Visual Studio Solution File, Format Version 12.00
# Visual Studio Version 16
VisualStudioVersion = 16.0.30413.136
MinimumVisualStudioVersion = 10.0.40219.1
Project("{8BC9CEB8-8B4A-11D0-8D11-00A0C91BC942}") = "Lab1", "Lab1\Lab1.vcxproj", "{067C816F-5D7E-43F1-87CE-0A69695259ED}"
EndProject
Global
	GlobalSection(SolutionConfigurationPlatforms) = preSolution
		Debug|x64 = Debug|x64
		Debug|x86 = Debug|x86
		Release|x64 = Release|x64
		Release|x86 = Release|x86
	EndGlobalSection
	GlobalSection(ProjectConfigurationPlatforms) = postSolution
		{067C816F-5D7E-43F1-87CE-0A69695259ED}.Debug|x64.ActiveCfg = Debug|x64
		{067C816F-5D7E-43F1-87CE-0A69695259ED}.Debug|x64.Build.0 = Debug|x64
		{067C816F-5D7E-43F1-87CE-0A69695259ED}.Debug|x86.ActiveCfg = Debug|Win32
		{067C816F-5D7E-43F1-87CE-0A69695259ED}.Debug|x86.Build.0 = Debug|Win32
		{067C816F-5D7E-43F1-87CE-0A69695259ED}.Release|x64.ActiveCfg = Release|x64
		{067C816F-5D7E-43F1-87CE-0A69695259ED}.Release|x64.Build.0 = Release|x64
		{067C816F-5D7E-43F1-87CE-0A69695259ED}.Release|x86.ActiveCfg = Release|Win32
		{067C816F-5D7E-43F1-87CE-0A69695259ED}.Release|x86.Build.0 = Release|Win32
	EndGlobalSection
	GlobalSection(SolutionProperties) = preSolution
		HideSolutionNode = FALSE
	EndGlobalSection
	GlobalSection(ExtensibilityGlobals) = postSolution
		SolutionGuid = {87C080C3-6151-44AC-9D34-F0665259E9A5}
	EndGlobalSection
EndGlobal
