
Microsoft Visual Studio Solution File, Format Version 12.00
Project("{FAE04EC0-301F-11D3-BF4B-00C04F79EFBC}") = "Lab1_form", "Lab1_form\Lab1_form.csproj", "{4CE5E987-9EA6-48AC-8076-B52A310E765F}"
EndProject
Global
	GlobalSection(SolutionConfigurationPlatforms) = preSolution
		Debug|Any CPU = Debug|Any CPU
		Release|Any CPU = Release|Any CPU
	EndGlobalSection
	GlobalSection(ProjectConfigurationPlatforms) = postSolution
		{4CE5E987-9EA6-48AC-8076-B52A310E765F}.Debug|Any CPU.ActiveCfg = Debug|Any CPU
		{4CE5E987-9EA6-48AC-8076-B52A310E765F}.Debug|Any CPU.Build.0 = Debug|Any CPU
		{4CE5E987-9EA6-48AC-8076-B52A310E765F}.Release|Any CPU.ActiveCfg = Release|Any CPU
		{4CE5E987-9EA6-48AC-8076-B52A310E765F}.Release|Any CPU.Build.0 = Release|Any CPU
	EndGlobalSection
EndGlobal
