
Microsoft Visual Studio Solution File, Format Version 12.00
Project("{FAE04EC0-301F-11D3-BF4B-00C04F79EFBC}") = "Lab6_un", "Lab6_un\Lab6_un.csproj", "{5B36BEBB-D6AB-4CC5-856B-F3D60AFCBADE}"
EndProject
Global
	GlobalSection(SolutionConfigurationPlatforms) = preSolution
		Debug|Any CPU = Debug|Any CPU
		Release|Any CPU = Release|Any CPU
	EndGlobalSection
	GlobalSection(ProjectConfigurationPlatforms) = postSolution
		{5B36BEBB-D6AB-4CC5-856B-F3D60AFCBADE}.Debug|Any CPU.ActiveCfg = Debug|Any CPU
		{5B36BEBB-D6AB-4CC5-856B-F3D60AFCBADE}.Debug|Any CPU.Build.0 = Debug|Any CPU
		{5B36BEBB-D6AB-4CC5-856B-F3D60AFCBADE}.Release|Any CPU.ActiveCfg = Release|Any CPU
		{5B36BEBB-D6AB-4CC5-856B-F3D60AFCBADE}.Release|Any CPU.Build.0 = Release|Any CPU
	EndGlobalSection
EndGlobal
