
Microsoft Visual Studio Solution File, Format Version 12.00
Project("{FAE04EC0-301F-11D3-BF4B-00C04F79EFBC}") = "Sort", "Sort\Sort.csproj", "{255C6064-17B3-44E8-8D26-F76CB13921AE}"
EndProject
Global
	GlobalSection(SolutionConfigurationPlatforms) = preSolution
		Debug|Any CPU = Debug|Any CPU
		Release|Any CPU = Release|Any CPU
	EndGlobalSection
	GlobalSection(ProjectConfigurationPlatforms) = postSolution
		{255C6064-17B3-44E8-8D26-F76CB13921AE}.Debug|Any CPU.ActiveCfg = Debug|Any CPU
		{255C6064-17B3-44E8-8D26-F76CB13921AE}.Debug|Any CPU.Build.0 = Debug|Any CPU
		{255C6064-17B3-44E8-8D26-F76CB13921AE}.Release|Any CPU.ActiveCfg = Release|Any CPU
		{255C6064-17B3-44E8-8D26-F76CB13921AE}.Release|Any CPU.Build.0 = Release|Any CPU
	EndGlobalSection
EndGlobal
